// !$*UTF8*$!
{
	archiveVersion = 1;
	classes = {
	};
	objectVersion = 50;
	objects = {

/* Begin PBXBuildFile section */
		31375499272FC301005B7D2A /* UIColor+Ext.swift in Sources */ = {isa = PBXBuildFile; fileRef = 31375498272FC301005B7D2A /* UIColor+Ext.swift */; };
		3137549C272FC59B005B7D2A /* CMLabel.swift in Sources */ = {isa = PBXBuildFile; fileRef = 3137549B272FC59B005B7D2A /* CMLabel.swift */; };
		31FAE6AD2729406E003DB65E /* AppDelegate.swift in Sources */ = {isa = PBXBuildFile; fileRef = 31FAE6AC2729406E003DB65E /* AppDelegate.swift */; };
		31FAE6AF2729406E003DB65E /* SceneDelegate.swift in Sources */ = {isa = PBXBuildFile; fileRef = 31FAE6AE2729406E003DB65E /* SceneDelegate.swift */; };
		31FAE6B12729406E003DB65E /* MapViewController.swift in Sources */ = {isa = PBXBuildFile; fileRef = 31FAE6B02729406E003DB65E /* MapViewController.swift */; };
		31FAE6B42729406E003DB65E /* Main.storyboard in Resources */ = {isa = PBXBuildFile; fileRef = 31FAE6B22729406E003DB65E /* Main.storyboard */; };
		31FAE6B62729406F003DB65E /* Assets.xcassets in Resources */ = {isa = PBXBuildFile; fileRef = 31FAE6B52729406F003DB65E /* Assets.xcassets */; };
		31FAE6B92729406F003DB65E /* LaunchScreen.storyboard in Resources */ = {isa = PBXBuildFile; fileRef = 31FAE6B72729406F003DB65E /* LaunchScreen.storyboard */; };
		31FAE6C12729485E003DB65E /* ConversionViewController.swift in Sources */ = {isa = PBXBuildFile; fileRef = 31FAE6C02729485D003DB65E /* ConversionViewController.swift */; };
/* End PBXBuildFile section */

/* Begin PBXFileReference section */
		31375498272FC301005B7D2A /* UIColor+Ext.swift */ = {isa = PBXFileReference; lastKnownFileType = sourcecode.swift; path = "UIColor+Ext.swift"; sourceTree = "<group>"; };
		3137549B272FC59B005B7D2A /* CMLabel.swift */ = {isa = PBXFileReference; lastKnownFileType = sourcecode.swift; path = CMLabel.swift; sourceTree = "<group>"; };
		31FAE6A92729406D003DB65E /* WorldTrotter-Programatically-MahaNasser-iter2.app */ = {isa = PBXFileReference; explicitFileType = wrapper.application; includeInIndex = 0; path = "WorldTrotter-Programatically-MahaNasser-iter2.app"; sourceTree = BUILT_PRODUCTS_DIR; };
		31FAE6AC2729406E003DB65E /* AppDelegate.swift */ = {isa = PBXFileReference; lastKnownFileType = sourcecode.swift; path = AppDelegate.swift; sourceTree = "<group>"; };
		31FAE6AE2729406E003DB65E /* SceneDelegate.swift */ = {isa = PBXFileReference; lastKnownFileType = sourcecode.swift; path = SceneDelegate.swift; sourceTree = "<group>"; };
		31FAE6B02729406E003DB65E /* MapViewController.swift */ = {isa = PBXFileReference; lastKnownFileType = sourcecode.swift; path = MapViewController.swift; sourceTree = "<group>"; };
		31FAE6B32729406E003DB65E /* Base */ = {isa = PBXFileReference; lastKnownFileType = file.storyboard; name = Base; path = Base.lproj/Main.storyboard; sourceTree = "<group>"; };
		31FAE6B52729406F003DB65E /* Assets.xcassets */ = {isa = PBXFileReference; lastKnownFileType = folder.assetcatalog; path = Assets.xcassets; sourceTree = "<group>"; };
		31FAE6B82729406F003DB65E /* Base */ = {isa = PBXFileReference; lastKnownFileType = file.storyboard; name = Base; path = Base.lproj/LaunchScreen.storyboard; sourceTree = "<group>"; };
		31FAE6BA2729406F003DB65E /* Info.plist */ = {isa = PBXFileReference; lastKnownFileType = text.plist.xml; path = Info.plist; sourceTree = "<group>"; };
		31FAE6C02729485D003DB65E /* ConversionViewController.swift */ = {isa = PBXFileReference; lastKnownFileType = sourcecode.swift; path = ConversionViewController.swift; sourceTree = "<group>"; };
/* End PBXFileReference section */

/* Begin PBXFrameworksBuildPhase section */
		31FAE6A62729406D003DB65E /* Frameworks */ = {
			isa = PBXFrameworksBuildPhase;
			buildActionMask = 2147483647;
			files = (
			);
			runOnlyForDeploymentPostprocessing = 0;
		};
/* End PBXFrameworksBuildPhase section */

/* Begin PBXGroup section */
		31375497272FC2DE005B7D2A /* Extension */ = {
			isa = PBXGroup;
			children = (
				31375498272FC301005B7D2A /* UIColor+Ext.swift */,
			);
			path = Extension;
			sourceTree = "<group>";
		};
		3137549A272FC55B005B7D2A /* Custom_Views */ = {
			isa = PBXGroup;
			children = (
				3137549B272FC59B005B7D2A /* CMLabel.swift */,
			);
			path = Custom_Views;
			sourceTree = "<group>";
		};
		317761B5272E809A0002740B /* Controllers */ = {
			isa = PBXGroup;
			children = (
				31FAE6C02729485D003DB65E /* ConversionViewController.swift */,
				31FAE6B02729406E003DB65E /* MapViewController.swift */,
			);
			path = Controllers;
			sourceTree = "<group>";
		};
		31FAE6A02729406D003DB65E = {
			isa = PBXGroup;
			children = (
				31FAE6AB2729406E003DB65E /* WorldTrotter-Programatically-MahaNasser-iter2 */,
				31FAE6AA2729406D003DB65E /* Products */,
			);
			sourceTree = "<group>";
		};
		31FAE6AA2729406D003DB65E /* Products */ = {
			isa = PBXGroup;
			children = (
				31FAE6A92729406D003DB65E /* WorldTrotter-Programatically-MahaNasser-iter2.app */,
			);
			name = Products;
			sourceTree = "<group>";
		};
		31FAE6AB2729406E003DB65E /* WorldTrotter-Programatically-MahaNasser-iter2 */ = {
			isa = PBXGroup;
			children = (
				317761B5272E809A0002740B /* Controllers */,
				31375497272FC2DE005B7D2A /* Extension */,
				3137549A272FC55B005B7D2A /* Custom_Views */,
				31FAE6AC2729406E003DB65E /* AppDelegate.swift */,
				31FAE6AE2729406E003DB65E /* SceneDelegate.swift */,
				31FAE6B22729406E003DB65E /* Main.storyboard */,
				31FAE6B52729406F003DB65E /* Assets.xcassets */,
				31FAE6B72729406F003DB65E /* LaunchScreen.storyboard */,
				31FAE6BA2729406F003DB65E /* Info.plist */,
			);
			path = "WorldTrotter-Programatically-MahaNasser-iter2";
			sourceTree = "<group>";
		};
/* End PBXGroup section */

/* Begin PBXNativeTarget section */
		31FAE6A82729406D003DB65E /* WorldTrotter-Programatically-MahaNasser-iter2 */ = {
			isa = PBXNativeTarget;
			buildConfigurationList = 31FAE6BD2729406F003DB65E /* Build configuration list for PBXNativeTarget "WorldTrotter-Programatically-MahaNasser-iter2" */;
			buildPhases = (
				31FAE6A52729406D003DB65E /* Sources */,
				31FAE6A62729406D003DB65E /* Frameworks */,
				31FAE6A72729406D003DB65E /* Resources */,
			);
			buildRules = (
			);
			dependencies = (
			);
			name = "WorldTrotter-Programatically-MahaNasser-iter2";
			productName = "WorldTrotter-Programatically-MahaNasser-iter2";
			productReference = 31FAE6A92729406D003DB65E /* WorldTrotter-Programatically-MahaNasser-iter2.app */;
			productType = "com.apple.product-type.application";
		};
/* End PBXNativeTarget section */

/* Begin PBXProject section */
		31FAE6A12729406D003DB65E /* Project object */ = {
			isa = PBXProject;
			attributes = {
				LastSwiftUpdateCheck = 1250;
				LastUpgradeCheck = 1250;
				TargetAttributes = {
					31FAE6A82729406D003DB65E = {
						CreatedOnToolsVersion = 12.5;
					};
				};
			};
			buildConfigurationList = 31FAE6A42729406D003DB65E /* Build configuration list for PBXProject "WorldTrotter-Programatically-MahaNasser-iter2" */;
			compatibilityVersion = "Xcode 9.3";
			developmentRegion = en;
			hasScannedForEncodings = 0;
			knownRegions = (
				en,
				Base,
			);
			mainGroup = 31FAE6A02729406D003DB65E;
			productRefGroup = 31FAE6AA2729406D003DB65E /* Products */;
			projectDirPath = "";
			projectRoot = "";
			targets = (
				31FAE6A82729406D003DB65E /* WorldTrotter-Programatically-MahaNasser-iter2 */,
			);
		};
/* End PBXProject section */

/* Begin PBXResourcesBuildPhase section */
		31FAE6A72729406D003DB65E /* Resources */ = {
			isa = PBXResourcesBuildPhase;
			buildActionMask = 2147483647;
			files = (
				31FAE6B92729406F003DB65E /* LaunchScreen.storyboard in Resources */,
				31FAE6B62729406F003DB65E /* Assets.xcassets in Resources */,
				31FAE6B42729406E003DB65E /* Main.storyboard in Resources */,
			);
			runOnlyForDeploymentPostprocessing = 0;
		};
/* End PBXResourcesBuildPhase section */

/* Begin PBXSourcesBuildPhase section */
		31FAE6A52729406D003DB65E /* Sources */ = {
			isa = PBXSourcesBuildPhase;
			buildActionMask = 2147483647;
			files = (
				31FAE6B12729406E003DB65E /* MapViewController.swift in Sources */,
				31FAE6AD2729406E003DB65E /* AppDelegate.swift in Sources */,
				3137549C272FC59B005B7D2A /* CMLabel.swift in Sources */,
				31375499272FC301005B7D2A /* UIColor+Ext.swift in Sources */,
				31FAE6C12729485E003DB65E /* ConversionViewController.swift in Sources */,
				31FAE6AF2729406E003DB65E /* SceneDelegate.swift in Sources */,
			);
			runOnlyForDeploymentPostprocessing = 0;
		};
/* End PBXSourcesBuildPhase section */

/* Begin PBXVariantGroup section */
		31FAE6B22729406E003DB65E /* Main.storyboard */ = {
			isa = PBXVariantGroup;
			children = (
				31FAE6B32729406E003DB65E /* Base */,
			);
			name = Main.storyboard;
			sourceTree = "<group>";
		};
		31FAE6B72729406F003DB65E /* LaunchScreen.storyboard */ = {
			isa = PBXVariantGroup;
			children = (
				31FAE6B82729406F003DB65E /* Base */,
			);
			name = LaunchScreen.storyboard;
			sourceTree = "<group>";
		};
/* End PBXVariantGroup section */

/* Begin XCBuildConfiguration section */
		31FAE6BB2729406F003DB65E /* Debug */ = {
			isa = XCBuildConfiguration;
			buildSettings = {
				ALWAYS_SEARCH_USER_PATHS = NO;
				CLANG_ANALYZER_NONNULL = YES;
				CLANG_ANALYZER_NUMBER_OBJECT_CONVERSION = YES_AGGRESSIVE;
				CLANG_CXX_LANGUAGE_STANDARD = "gnu++14";
				CLANG_CXX_LIBRARY = "libc++";
				CLANG_ENABLE_MODULES = YES;
				CLANG_ENABLE_OBJC_ARC = YES;
				CLANG_ENABLE_OBJC_WEAK = YES;
				CLANG_WARN_BLOCK_CAPTURE_AUTORELEASING = YES;
				CLANG_WARN_BOOL_CONVERSION = YES;
				CLANG_WARN_COMMA = YES;
				CLANG_WARN_CONSTANT_CONVERSION = YES;
				CLANG_WARN_DEPRECATED_OBJC_IMPLEMENTATIONS = YES;
				CLANG_WARN_DIRECT_OBJC_ISA_USAGE = YES_ERROR;
				CLANG_WARN_DOCUMENTATION_COMMENTS = YES;
				CLANG_WARN_EMPTY_BODY = YES;
				CLANG_WARN_ENUM_CONVERSION = YES;
				CLANG_WARN_INFINITE_RECURSION = YES;
				CLANG_WARN_INT_CONVERSION = YES;
				CLANG_WARN_NON_LITERAL_NULL_CONVERSION = YES;
				CLANG_WARN_OBJC_IMPLICIT_RETAIN_SELF = YES;
				CLANG_WARN_OBJC_LITERAL_CONVERSION = YES;
				CLANG_WARN_OBJC_ROOT_CLASS = YES_ERROR;
				CLANG_WARN_QUOTED_INCLUDE_IN_FRAMEWORK_HEADER = YES;
				CLANG_WARN_RANGE_LOOP_ANALYSIS = YES;
				CLANG_WARN_STRICT_PROTOTYPES = YES;
				CLANG_WARN_SUSPICIOUS_MOVE = YES;
				CLANG_WARN_UNGUARDED_AVAILABILITY = YES_AGGRESSIVE;
				CLANG_WARN_UNREACHABLE_CODE = YES;
				CLANG_WARN__DUPLICATE_METHOD_MATCH = YES;
				COPY_PHASE_STRIP = NO;
				DEBUG_INFORMATION_FORMAT = dwarf;
				ENABLE_STRICT_OBJC_MSGSEND = YES;
				ENABLE_TESTABILITY = YES;
				GCC_C_LANGUAGE_STANDARD = gnu11;
				GCC_DYNAMIC_NO_PIC = NO;
				GCC_NO_COMMON_BLOCKS = YES;
				GCC_OPTIMIZATION_LEVEL = 0;
				GCC_PREPROCESSOR_DEFINITIONS = (
					"DEBUG=1",
					"$(inherited)",
				);
				GCC_WARN_64_TO_32_BIT_CONVERSION = YES;
				GCC_WARN_ABOUT_RETURN_TYPE = YES_ERROR;
				GCC_WARN_UNDECLARED_SELECTOR = YES;
				GCC_WARN_UNINITIALIZED_AUTOS = YES_AGGRESSIVE;
				GCC_WARN_UNUSED_FUNCTION = YES;
				GCC_WARN_UNUSED_VARIABLE = YES;
				IPHONEOS_DEPLOYMENT_TARGET = 14.5;
				MTL_ENABLE_DEBUG_INFO = INCLUDE_SOURCE;
				MTL_FAST_MATH = YES;
				ONLY_ACTIVE_ARCH = YES;
				SDKROOT = iphoneos;
				SWIFT_ACTIVE_COMPILATION_CONDITIONS = DEBUG;
				SWIFT_OPTIMIZATION_LEVEL = "-Onone";
			};
			name = Debug;
		};
		31FAE6BC2729406F003DB65E /* Release */ = {
			isa = XCBuildConfiguration;
			buildSettings = {
				ALWAYS_SEARCH_USER_PATHS = NO;
				CLANG_ANALYZER_NONNULL = YES;
				CLANG_ANALYZER_NUMBER_OBJECT_CONVERSION = YES_AGGRESSIVE;
				CLANG_CXX_LANGUAGE_STANDARD = "gnu++14";
				CLANG_CXX_LIBRARY = "libc++";
				CLANG_ENABLE_MODULES = YES;
				CLANG_ENABLE_OBJC_ARC = YES;
				CLANG_ENABLE_OBJC_WEAK = YES;
				CLANG_WARN_BLOCK_CAPTURE_AUTORELEASING = YES;
				CLANG_WARN_BOOL_CONVERSION = YES;
				CLANG_WARN_COMMA = YES;
				CLANG_WARN_CONSTANT_CONVERSION = YES;
				CLANG_WARN_DEPRECATED_OBJC_IMPLEMENTATIONS = YES;
				CLANG_WARN_DIRECT_OBJC_ISA_USAGE = YES_ERROR;
				CLANG_WARN_DOCUMENTATION_COMMENTS = YES;
				CLANG_WARN_EMPTY_BODY = YES;
				CLANG_WARN_ENUM_CONVERSION = YES;
				CLANG_WARN_INFINITE_RECURSION = YES;
				CLANG_WARN_INT_CONVERSION = YES;
				CLANG_WARN_NON_LITERAL_NULL_CONVERSION = YES;
				CLANG_WARN_OBJC_IMPLICIT_RETAIN_SELF = YES;
				CLANG_WARN_OBJC_LITERAL_CONVERSION = YES;
				CLANG_WARN_OBJC_ROOT_CLASS = YES_ERROR;
				CLANG_WARN_QUOTED_INCLUDE_IN_FRAMEWORK_HEADER = YES;
				CLANG_WARN_RANGE_LOOP_ANALYSIS = YES;
				CLANG_WARN_STRICT_PROTOTYPES = YES;
				CLANG_WARN_SUSPICIOUS_MOVE = YES;
				CLANG_WARN_UNGUARDED_AVAILABILITY = YES_AGGRESSIVE;
				CLANG_WARN_UNREACHABLE_CODE = YES;
				CLANG_WARN__DUPLICATE_METHOD_MATCH = YES;
				COPY_PHASE_STRIP = NO;
				DEBUG_INFORMATION_FORMAT = "dwarf-with-dsym";
				ENABLE_NS_ASSERTIONS = NO;
				ENABLE_STRICT_OBJC_MSGSEND = YES;
				GCC_C_LANGUAGE_STANDARD = gnu11;
				GCC_NO_COMMON_BLOCKS = YES;
				GCC_WARN_64_TO_32_BIT_CONVERSION = YES;
				GCC_WARN_ABOUT_RETURN_TYPE = YES_ERROR;
				GCC_WARN_UNDECLARED_SELECTOR = YES;
				GCC_WARN_UNINITIALIZED_AUTOS = YES_AGGRESSIVE;
				GCC_WARN_UNUSED_FUNCTION = YES;
				GCC_WARN_UNUSED_VARIABLE = YES;
				IPHONEOS_DEPLOYMENT_TARGET = 14.5;
				MTL_ENABLE_DEBUG_INFO = NO;
				MTL_FAST_MATH = YES;
				SDKROOT = iphoneos;
				SWIFT_COMPILATION_MODE = wholemodule;
				SWIFT_OPTIMIZATION_LEVEL = "-O";
				VALIDATE_PRODUCT = YES;
			};
			name = Release;
		};
		31FAE6BE2729406F003DB65E /* Debug */ = {
			isa = XCBuildConfiguration;
			buildSettings = {
				ASSETCATALOG_COMPILER_APPICON_NAME = AppIcon;
				ASSETCATALOG_COMPILER_GLOBAL_ACCENT_COLOR_NAME = AccentColor;
				CODE_SIGN_STYLE = Automatic;
				DEVELOPMENT_TEAM = Q26Y9PC5F8;
				INFOPLIST_FILE = "WorldTrotter-Programatically-MahaNasser-iter2/Info.plist";
				LD_RUNPATH_SEARCH_PATHS = (
					"$(inherited)",
					"@executable_path/Frameworks",
				);
				PRODUCT_BUNDLE_IDENTIFIER = "com.TriviaMultiple.WorldTrotter-Programatically-MahaNasser-iter2";
				PRODUCT_NAME = "$(TARGET_NAME)";
				SWIFT_VERSION = 5.0;
				TARGETED_DEVICE_FAMILY = "1,2";
			};
			name = Debug;
		};
		31FAE6BF2729406F003DB65E /* Release */ = {
			isa = XCBuildConfiguration;
			buildSettings = {
				ASSETCATALOG_COMPILER_APPICON_NAME = AppIcon;
				ASSETCATALOG_COMPILER_GLOBAL_ACCENT_COLOR_NAME = AccentColor;
				CODE_SIGN_STYLE = Automatic;
				DEVELOPMENT_TEAM = Q26Y9PC5F8;
				INFOPLIST_FILE = "WorldTrotter-Programatically-MahaNasser-iter2/Info.plist";
				LD_RUNPATH_SEARCH_PATHS = (
					"$(inherited)",
					"@executable_path/Frameworks",
				);
				PRODUCT_BUNDLE_IDENTIFIER = "com.TriviaMultiple.WorldTrotter-Programatically-MahaNasser-iter2";
				PRODUCT_NAME = "$(TARGET_NAME)";
				SWIFT_VERSION = 5.0;
				TARGETED_DEVICE_FAMILY = "1,2";
			};
			name = Release;
		};
/* End XCBuildConfiguration section */

/* Begin XCConfigurationList section */
		31FAE6A42729406D003DB65E /* Build configuration list for PBXProject "WorldTrotter-Programatically-MahaNasser-iter2" */ = {
			isa = XCConfigurationList;
			buildConfigurations = (
				31FAE6BB2729406F003DB65E /* Debug */,
				31FAE6BC2729406F003DB65E /* Release */,
			);
			defaultConfigurationIsVisible = 0;
			defaultConfigurationName = Release;
		};
		31FAE6BD2729406F003DB65E /* Build configuration list for PBXNativeTarget "WorldTrotter-Programatically-MahaNasser-iter2" */ = {
			isa = XCConfigurationList;
			buildConfigurations = (
				31FAE6BE2729406F003DB65E /* Debug */,
				31FAE6BF2729406F003DB65E /* Release */,
			);
			defaultConfigurationIsVisible = 0;
			defaultConfigurationName = Release;
		};
/* End XCConfigurationList section */
	};
	rootObject = 31FAE6A12729406D003DB65E /* Project object */;
}
